// !$*UTF8*$!
{
	archiveVersion = 1;
	classes = {
	};
	objectVersion = 46;
	objects = {

/* Begin PBXBuildFile section */
		C518CACA16CFD95C007DBD2E /* SetCard.m in Sources */ = {isa = PBXBuildFile; fileRef = C5F1263816CC2CAB00E3454A /* SetCard.m */; };
		C518CACB16CFD97E007DBD2E /* SetCardDeck.m in Sources */ = {isa = PBXBuildFile; fileRef = C54095E016CE5F4100CC6186 /* SetCardDeck.m */; };
		C518CACC16CFD983007DBD2E /* SetCardMatchingGame.m in Sources */ = {isa = PBXBuildFile; fileRef = C54095E316CE71CC00CC6186 /* SetCardMatchingGame.m */; };
		C531064D16BC2C6200635BA0 /* CardMatchingGame.m in Sources */ = {isa = PBXBuildFile; fileRef = C531064C16BC2C6200635BA0 /* CardMatchingGame.m */; };
		C54095CF16CE4F2200CC6186 /* SenTestingKit.framework in Frameworks */ = {isa = PBXBuildFile; fileRef = C54095B416CE4BA000CC6186 /* SenTestingKit.framework */; };
		C54095D016CE4F2200CC6186 /* UIKit.framework in Frameworks */ = {isa = PBXBuildFile; fileRef = C5F1536D16BA922000117B23 /* UIKit.framework */; };
		C54095D116CE4F2200CC6186 /* Foundation.framework in Frameworks */ = {isa = PBXBuildFile; fileRef = C5F1536F16BA922000117B23 /* Foundation.framework */; };
		C54095D716CE4F2200CC6186 /* InfoPlist.strings in Resources */ = {isa = PBXBuildFile; fileRef = C54095D516CE4F2200CC6186 /* InfoPlist.strings */; };
		C54095DA16CE4F2200CC6186 /* Matchismo_Test_iOS.m in Sources */ = {isa = PBXBuildFile; fileRef = C54095D916CE4F2200CC6186 /* Matchismo_Test_iOS.m */; };
		C54095E116CE5F4100CC6186 /* SetCardDeck.m in Sources */ = {isa = PBXBuildFile; fileRef = C54095E016CE5F4100CC6186 /* SetCardDeck.m */; };
		C54095E416CE71CC00CC6186 /* SetCardMatchingGame.m in Sources */ = {isa = PBXBuildFile; fileRef = C54095E316CE71CC00CC6186 /* SetCardMatchingGame.m */; };
		C546ACD816BD9AF500700366 /* GearSurfer.png in Resources */ = {isa = PBXBuildFile; fileRef = C546ACD716BD9AF500700366 /* GearSurfer.png */; };
		C546ACDF16BDD22500700366 /* texture.png in Resources */ = {isa = PBXBuildFile; fileRef = C546ACDE16BDD22500700366 /* texture.png */; };
		C5B0CF4A16CD9DD6001F74AE /* GameResult.m in Sources */ = {isa = PBXBuildFile; fileRef = C5B0CF4916CD9DD6001F74AE /* GameResult.m */; };
		C5CB5ACD16CD1ECD004E4E7B /* GameResultsViewController.m in Sources */ = {isa = PBXBuildFile; fileRef = C5CB5ACC16CD1ECD004E4E7B /* GameResultsViewController.m */; };
		C5F1262A16CC2AB100E3454A /* 18-puzzle.png in Resources */ = {isa = PBXBuildFile; fileRef = C5F1262816CC2AB100E3454A /* 18-puzzle.png */; };
		C5F1262B16CC2AB100E3454A /* 18-puzzle@2x.png in Resources */ = {isa = PBXBuildFile; fileRef = C5F1262916CC2AB100E3454A /* 18-puzzle@2x.png */; };
		C5F1262E16CC2AE300E3454A /* 29-crown.png in Resources */ = {isa = PBXBuildFile; fileRef = C5F1262C16CC2AE300E3454A /* 29-crown.png */; };
		C5F1262F16CC2AE300E3454A /* 29-crown@2x.png in Resources */ = {isa = PBXBuildFile; fileRef = C5F1262D16CC2AE300E3454A /* 29-crown@2x.png */; };
		C5F1263216CC2BE000E3454A /* 05-plus.png in Resources */ = {isa = PBXBuildFile; fileRef = C5F1263016CC2BE000E3454A /* 05-plus.png */; };
		C5F1263316CC2BE000E3454A /* 05-plus@2x.png in Resources */ = {isa = PBXBuildFile; fileRef = C5F1263116CC2BE000E3454A /* 05-plus@2x.png */; };
		C5F1263616CC2C8A00E3454A /* SetGameViewController.m in Sources */ = {isa = PBXBuildFile; fileRef = C5F1263516CC2C8A00E3454A /* SetGameViewController.m */; };
		C5F1263916CC2CAB00E3454A /* SetCard.m in Sources */ = {isa = PBXBuildFile; fileRef = C5F1263816CC2CAB00E3454A /* SetCard.m */; };
		C5F1536E16BA922000117B23 /* UIKit.framework in Frameworks */ = {isa = PBXBuildFile; fileRef = C5F1536D16BA922000117B23 /* UIKit.framework */; };
		C5F1537016BA922000117B23 /* Foundation.framework in Frameworks */ = {isa = PBXBuildFile; fileRef = C5F1536F16BA922000117B23 /* Foundation.framework */; };
		C5F1537216BA922000117B23 /* CoreGraphics.framework in Frameworks */ = {isa = PBXBuildFile; fileRef = C5F1537116BA922000117B23 /* CoreGraphics.framework */; };
		C5F1537816BA922000117B23 /* InfoPlist.strings in Resources */ = {isa = PBXBuildFile; fileRef = C5F1537616BA922000117B23 /* InfoPlist.strings */; };
		C5F1537A16BA922000117B23 /* main.m in Sources */ = {isa = PBXBuildFile; fileRef = C5F1537916BA922000117B23 /* main.m */; };
		C5F1537E16BA922000117B23 /* CardGameAppDelegate.m in Sources */ = {isa = PBXBuildFile; fileRef = C5F1537D16BA922000117B23 /* CardGameAppDelegate.m */; };
		C5F1538016BA922000117B23 /* Default.png in Resources */ = {isa = PBXBuildFile; fileRef = C5F1537F16BA922000117B23 /* Default.png */; };
		C5F1538216BA922000117B23 /* Default@2x.png in Resources */ = {isa = PBXBuildFile; fileRef = C5F1538116BA922000117B23 /* Default@2x.png */; };
		C5F1538416BA922000117B23 /* Default-568h@2x.png in Resources */ = {isa = PBXBuildFile; fileRef = C5F1538316BA922000117B23 /* Default-568h@2x.png */; };
		C5F1538716BA922000117B23 /* MainStoryboard.storyboard in Resources */ = {isa = PBXBuildFile; fileRef = C5F1538516BA922000117B23 /* MainStoryboard.storyboard */; };
		C5F1538A16BA922000117B23 /* CardGameViewController.m in Sources */ = {isa = PBXBuildFile; fileRef = C5F1538916BA922000117B23 /* CardGameViewController.m */; };
		C5F1539216BAA36100117B23 /* Card.m in Sources */ = {isa = PBXBuildFile; fileRef = C5F1539116BAA36100117B23 /* Card.m */; };
		C5F1539616BAA43C00117B23 /* Deck.m in Sources */ = {isa = PBXBuildFile; fileRef = C5F1539516BAA43C00117B23 /* Deck.m */; };
		C5F1539916BAA47D00117B23 /* PlayingCard.m in Sources */ = {isa = PBXBuildFile; fileRef = C5F1539816BAA47D00117B23 /* PlayingCard.m */; };
		C5F1539C16BAA4C100117B23 /* PlayingCardDeck.m in Sources */ = {isa = PBXBuildFile; fileRef = C5F1539B16BAA4C100117B23 /* PlayingCardDeck.m */; };
/* End PBXBuildFile section */

/* Begin PBXFileReference section */
		C531064B16BC2C6200635BA0 /* CardMatchingGame.h */ = {isa = PBXFileReference; fileEncoding = 4; lastKnownFileType = sourcecode.c.h; path = CardMatchingGame.h; sourceTree = "<group>"; };
		C531064C16BC2C6200635BA0 /* CardMatchingGame.m */ = {isa = PBXFileReference; fileEncoding = 4; lastKnownFileType = sourcecode.c.objc; path = CardMatchingGame.m; sourceTree = "<group>"; };
		C54095B416CE4BA000CC6186 /* SenTestingKit.framework */ = {isa = PBXFileReference; lastKnownFileType = wrapper.framework; name = SenTestingKit.framework; path = Library/Frameworks/SenTestingKit.framework; sourceTree = DEVELOPER_DIR; };
		C54095B616CE4BA000CC6186 /* Cocoa.framework */ = {isa = PBXFileReference; lastKnownFileType = wrapper.framework; name = Cocoa.framework; path = Library/Frameworks/Cocoa.framework; sourceTree = DEVELOPER_DIR; };
		C54095B916CE4BA000CC6186 /* AppKit.framework */ = {isa = PBXFileReference; lastKnownFileType = wrapper.framework; name = AppKit.framework; path = Library/Frameworks/AppKit.framework; sourceTree = SDKROOT; };
		C54095BA16CE4BA000CC6186 /* CoreData.framework */ = {isa = PBXFileReference; lastKnownFileType = wrapper.framework; name = CoreData.framework; path = Library/Frameworks/CoreData.framework; sourceTree = SDKROOT; };
		C54095BB16CE4BA000CC6186 /* Foundation.framework */ = {isa = PBXFileReference; lastKnownFileType = wrapper.framework; name = Foundation.framework; path = Library/Frameworks/Foundation.framework; sourceTree = SDKROOT; };
		C54095CE16CE4F2200CC6186 /* Matchismo_Test_iOS.octest */ = {isa = PBXFileReference; explicitFileType = wrapper.cfbundle; includeInIndex = 0; path = Matchismo_Test_iOS.octest; sourceTree = BUILT_PRODUCTS_DIR; };
		C54095D416CE4F2200CC6186 /* Matchismo_Test_iOS-Info.plist */ = {isa = PBXFileReference; lastKnownFileType = text.plist.xml; path = "Matchismo_Test_iOS-Info.plist"; sourceTree = "<group>"; };
		C54095D616CE4F2200CC6186 /* en */ = {isa = PBXFileReference; lastKnownFileType = text.plist.strings; name = en; path = en.lproj/InfoPlist.strings; sourceTree = "<group>"; };
		C54095D816CE4F2200CC6186 /* Matchismo_Test_iOS.h */ = {isa = PBXFileReference; lastKnownFileType = sourcecode.c.h; path = Matchismo_Test_iOS.h; sourceTree = "<group>"; };
		C54095D916CE4F2200CC6186 /* Matchismo_Test_iOS.m */ = {isa = PBXFileReference; lastKnownFileType = sourcecode.c.objc; path = Matchismo_Test_iOS.m; sourceTree = "<group>"; };
		C54095DB16CE4F2200CC6186 /* Matchismo_Test_iOS-Prefix.pch */ = {isa = PBXFileReference; lastKnownFileType = sourcecode.c.h; path = "Matchismo_Test_iOS-Prefix.pch"; sourceTree = "<group>"; };
		C54095DF16CE5F4100CC6186 /* SetCardDeck.h */ = {isa = PBXFileReference; fileEncoding = 4; lastKnownFileType = sourcecode.c.h; path = SetCardDeck.h; sourceTree = "<group>"; };
		C54095E016CE5F4100CC6186 /* SetCardDeck.m */ = {isa = PBXFileReference; fileEncoding = 4; lastKnownFileType = sourcecode.c.objc; path = SetCardDeck.m; sourceTree = "<group>"; };
		C54095E216CE71CC00CC6186 /* SetCardMatchingGame.h */ = {isa = PBXFileReference; fileEncoding = 4; lastKnownFileType = sourcecode.c.h; path = SetCardMatchingGame.h; sourceTree = "<group>"; };
		C54095E316CE71CC00CC6186 /* SetCardMatchingGame.m */ = {isa = PBXFileReference; fileEncoding = 4; lastKnownFileType = sourcecode.c.objc; path = SetCardMatchingGame.m; sourceTree = "<group>"; };
		C546ACD716BD9AF500700366 /* GearSurfer.png */ = {isa = PBXFileReference; lastKnownFileType = image.png; path = GearSurfer.png; sourceTree = "<group>"; };
		C546ACDE16BDD22500700366 /* texture.png */ = {isa = PBXFileReference; lastKnownFileType = image.png; path = texture.png; sourceTree = "<group>"; };
		C5B0CF4816CD9DD6001F74AE /* GameResult.h */ = {isa = PBXFileReference; fileEncoding = 4; lastKnownFileType = sourcecode.c.h; path = GameResult.h; sourceTree = "<group>"; };
		C5B0CF4916CD9DD6001F74AE /* GameResult.m */ = {isa = PBXFileReference; fileEncoding = 4; lastKnownFileType = sourcecode.c.objc; path = GameResult.m; sourceTree = "<group>"; };
		C5CB5ACB16CD1ECD004E4E7B /* GameResultsViewController.h */ = {isa = PBXFileReference; fileEncoding = 4; lastKnownFileType = sourcecode.c.h; path = GameResultsViewController.h; sourceTree = "<group>"; };
		C5CB5ACC16CD1ECD004E4E7B /* GameResultsViewController.m */ = {isa = PBXFileReference; fileEncoding = 4; lastKnownFileType = sourcecode.c.objc; path = GameResultsViewController.m; sourceTree = "<group>"; };
		C5F1262816CC2AB100E3454A /* 18-puzzle.png */ = {isa = PBXFileReference; lastKnownFileType = image.png; path = "18-puzzle.png"; sourceTree = "<group>"; };
		C5F1262916CC2AB100E3454A /* 18-puzzle@2x.png */ = {isa = PBXFileReference; lastKnownFileType = image.png; path = "18-puzzle@2x.png"; sourceTree = "<group>"; };
		C5F1262C16CC2AE300E3454A /* 29-crown.png */ = {isa = PBXFileReference; lastKnownFileType = image.png; path = "29-crown.png"; sourceTree = "<group>"; };
		C5F1262D16CC2AE300E3454A /* 29-crown@2x.png */ = {isa = PBXFileReference; lastKnownFileType = image.png; path = "29-crown@2x.png"; sourceTree = "<group>"; };
		C5F1263016CC2BE000E3454A /* 05-plus.png */ = {isa = PBXFileReference; lastKnownFileType = image.png; path = "05-plus.png"; sourceTree = "<group>"; };
		C5F1263116CC2BE000E3454A /* 05-plus@2x.png */ = {isa = PBXFileReference; lastKnownFileType = image.png; path = "05-plus@2x.png"; sourceTree = "<group>"; };
		C5F1263416CC2C8A00E3454A /* SetGameViewController.h */ = {isa = PBXFileReference; fileEncoding = 4; lastKnownFileType = sourcecode.c.h; path = SetGameViewController.h; sourceTree = "<group>"; };
		C5F1263516CC2C8A00E3454A /* SetGameViewController.m */ = {isa = PBXFileReference; fileEncoding = 4; lastKnownFileType = sourcecode.c.objc; path = SetGameViewController.m; sourceTree = "<group>"; };
		C5F1263716CC2CAB00E3454A /* SetCard.h */ = {isa = PBXFileReference; fileEncoding = 4; lastKnownFileType = sourcecode.c.h; path = SetCard.h; sourceTree = "<group>"; };
		C5F1263816CC2CAB00E3454A /* SetCard.m */ = {isa = PBXFileReference; fileEncoding = 4; lastKnownFileType = sourcecode.c.objc; path = SetCard.m; sourceTree = "<group>"; };
		C5F1536916BA922000117B23 /* Matchismo.app */ = {isa = PBXFileReference; explicitFileType = wrapper.application; includeInIndex = 0; path = Matchismo.app; sourceTree = BUILT_PRODUCTS_DIR; };
		C5F1536D16BA922000117B23 /* UIKit.framework */ = {isa = PBXFileReference; lastKnownFileType = wrapper.framework; name = UIKit.framework; path = System/Library/Frameworks/UIKit.framework; sourceTree = SDKROOT; };
		C5F1536F16BA922000117B23 /* Foundation.framework */ = {isa = PBXFileReference; lastKnownFileType = wrapper.framework; name = Foundation.framework; path = System/Library/Frameworks/Foundation.framework; sourceTree = SDKROOT; };
		C5F1537116BA922000117B23 /* CoreGraphics.framework */ = {isa = PBXFileReference; lastKnownFileType = wrapper.framework; name = CoreGraphics.framework; path = System/Library/Frameworks/CoreGraphics.framework; sourceTree = SDKROOT; };
		C5F1537516BA922000117B23 /* Matchismo-Info.plist */ = {isa = PBXFileReference; lastKnownFileType = text.plist.xml; path = "Matchismo-Info.plist"; sourceTree = "<group>"; };
		C5F1537716BA922000117B23 /* en */ = {isa = PBXFileReference; lastKnownFileType = text.plist.strings; name = en; path = en.lproj/InfoPlist.strings; sourceTree = "<group>"; };
		C5F1537916BA922000117B23 /* main.m */ = {isa = PBXFileReference; lastKnownFileType = sourcecode.c.objc; path = main.m; sourceTree = "<group>"; };
		C5F1537B16BA922000117B23 /* Matchismo-Prefix.pch */ = {isa = PBXFileReference; lastKnownFileType = sourcecode.c.h; path = "Matchismo-Prefix.pch"; sourceTree = "<group>"; };
		C5F1537C16BA922000117B23 /* CardGameAppDelegate.h */ = {isa = PBXFileReference; lastKnownFileType = sourcecode.c.h; path = CardGameAppDelegate.h; sourceTree = "<group>"; };
		C5F1537D16BA922000117B23 /* CardGameAppDelegate.m */ = {isa = PBXFileReference; lastKnownFileType = sourcecode.c.objc; path = CardGameAppDelegate.m; sourceTree = "<group>"; };
		C5F1537F16BA922000117B23 /* Default.png */ = {isa = PBXFileReference; lastKnownFileType = image.png; path = Default.png; sourceTree = "<group>"; };
		C5F1538116BA922000117B23 /* Default@2x.png */ = {isa = PBXFileReference; lastKnownFileType = image.png; path = "Default@2x.png"; sourceTree = "<group>"; };
		C5F1538316BA922000117B23 /* Default-568h@2x.png */ = {isa = PBXFileReference; lastKnownFileType = image.png; path = "Default-568h@2x.png"; sourceTree = "<group>"; };
		C5F1538616BA922000117B23 /* en */ = {isa = PBXFileReference; lastKnownFileType = file.storyboard; name = en; path = en.lproj/MainStoryboard.storyboard; sourceTree = "<group>"; };
		C5F1538816BA922000117B23 /* CardGameViewController.h */ = {isa = PBXFileReference; lastKnownFileType = sourcecode.c.h; path = CardGameViewController.h; sourceTree = "<group>"; };
		C5F1538916BA922000117B23 /* CardGameViewController.m */ = {isa = PBXFileReference; lastKnownFileType = sourcecode.c.objc; path = CardGameViewController.m; sourceTree = "<group>"; };
		C5F1539016BAA36100117B23 /* Card.h */ = {isa = PBXFileReference; fileEncoding = 4; lastKnownFileType = sourcecode.c.h; name = Card.h; path = Model/Card.h; sourceTree = "<group>"; };
		C5F1539116BAA36100117B23 /* Card.m */ = {isa = PBXFileReference; fileEncoding = 4; lastKnownFileType = sourcecode.c.objc; name = Card.m; path = Model/Card.m; sourceTree = "<group>"; };
		C5F1539416BAA43C00117B23 /* Deck.h */ = {isa = PBXFileReference; fileEncoding = 4; lastKnownFileType = sourcecode.c.h; name = Deck.h; path = Model/Deck.h; sourceTree = "<group>"; };
		C5F1539516BAA43C00117B23 /* Deck.m */ = {isa = PBXFileReference; fileEncoding = 4; lastKnownFileType = sourcecode.c.objc; name = Deck.m; path = Model/Deck.m; sourceTree = "<group>"; };
		C5F1539716BAA47D00117B23 /* PlayingCard.h */ = {isa = PBXFileReference; fileEncoding = 4; lastKnownFileType = sourcecode.c.h; name = PlayingCard.h; path = Model/PlayingCard.h; sourceTree = "<group>"; };
		C5F1539816BAA47D00117B23 /* PlayingCard.m */ = {isa = PBXFileReference; fileEncoding = 4; lastKnownFileType = sourcecode.c.objc; name = PlayingCard.m; path = Model/PlayingCard.m; sourceTree = "<group>"; };
		C5F1539A16BAA4C100117B23 /* PlayingCardDeck.h */ = {isa = PBXFileReference; fileEncoding = 4; lastKnownFileType = sourcecode.c.h; name = PlayingCardDeck.h; path = Model/PlayingCardDeck.h; sourceTree = "<group>"; };
		C5F1539B16BAA4C100117B23 /* PlayingCardDeck.m */ = {isa = PBXFileReference; fileEncoding = 4; lastKnownFileType = sourcecode.c.objc; name = PlayingCardDeck.m; path = Model/PlayingCardDeck.m; sourceTree = "<group>"; };
/* End PBXFileReference section */

/* Begin PBXFrameworksBuildPhase section */
		C54095CA16CE4F2200CC6186 /* Frameworks */ = {
			isa = PBXFrameworksBuildPhase;
			buildActionMask = 2147483647;
			files = (
				C54095CF16CE4F2200CC6186 /* SenTestingKit.framework in Frameworks */,
				C54095D016CE4F2200CC6186 /* UIKit.framework in Frameworks */,
				C54095D116CE4F2200CC6186 /* Foundation.framework in Frameworks */,
			);
			runOnlyForDeploymentPostprocessing = 0;
		};
		C5F1536616BA922000117B23 /* Frameworks */ = {
			isa = PBXFrameworksBuildPhase;
			buildActionMask = 2147483647;
			files = (
				C5F1536E16BA922000117B23 /* UIKit.framework in Frameworks */,
				C5F1537016BA922000117B23 /* Foundation.framework in Frameworks */,
				C5F1537216BA922000117B23 /* CoreGraphics.framework in Frameworks */,
			);
			runOnlyForDeploymentPostprocessing = 0;
		};
/* End PBXFrameworksBuildPhase section */

/* Begin PBXGroup section */
		C54095B816CE4BA000CC6186 /* Other Frameworks */ = {
			isa = PBXGroup;
			children = (
				C54095B916CE4BA000CC6186 /* AppKit.framework */,
				C54095BA16CE4BA000CC6186 /* CoreData.framework */,
				C54095BB16CE4BA000CC6186 /* Foundation.framework */,
			);
			name = "Other Frameworks";
			sourceTree = "<group>";
		};
		C54095D216CE4F2200CC6186 /* Matchismo_Test_iOS */ = {
			isa = PBXGroup;
			children = (
				C54095D816CE4F2200CC6186 /* Matchismo_Test_iOS.h */,
				C54095D916CE4F2200CC6186 /* Matchismo_Test_iOS.m */,
				C54095D316CE4F2200CC6186 /* Supporting Files */,
			);
			path = Matchismo_Test_iOS;
			sourceTree = "<group>";
		};
		C54095D316CE4F2200CC6186 /* Supporting Files */ = {
			isa = PBXGroup;
			children = (
				C54095D416CE4F2200CC6186 /* Matchismo_Test_iOS-Info.plist */,
				C54095D516CE4F2200CC6186 /* InfoPlist.strings */,
				C54095DB16CE4F2200CC6186 /* Matchismo_Test_iOS-Prefix.pch */,
			);
			name = "Supporting Files";
			sourceTree = "<group>";
		};
		C5F1535E16BA922000117B23 = {
			isa = PBXGroup;
			children = (
				C5F1537316BA922000117B23 /* Matchismo */,
				C54095D216CE4F2200CC6186 /* Matchismo_Test_iOS */,
				C5F1536C16BA922000117B23 /* Frameworks */,
				C5F1536A16BA922000117B23 /* Products */,
			);
			sourceTree = "<group>";
		};
		C5F1536A16BA922000117B23 /* Products */ = {
			isa = PBXGroup;
			children = (
				C5F1536916BA922000117B23 /* Matchismo.app */,
				C54095CE16CE4F2200CC6186 /* Matchismo_Test_iOS.octest */,
			);
			name = Products;
			sourceTree = "<group>";
		};
		C5F1536C16BA922000117B23 /* Frameworks */ = {
			isa = PBXGroup;
			children = (
				C5F1536D16BA922000117B23 /* UIKit.framework */,
				C5F1536F16BA922000117B23 /* Foundation.framework */,
				C5F1537116BA922000117B23 /* CoreGraphics.framework */,
				C54095B416CE4BA000CC6186 /* SenTestingKit.framework */,
				C54095B616CE4BA000CC6186 /* Cocoa.framework */,
				C54095B816CE4BA000CC6186 /* Other Frameworks */,
			);
			name = Frameworks;
			sourceTree = "<group>";
		};
		C5F1537316BA922000117B23 /* Matchismo */ = {
			isa = PBXGroup;
			children = (
				C5F1538516BA922000117B23 /* MainStoryboard.storyboard */,
				C5B0CF4816CD9DD6001F74AE /* GameResult.h */,
				C5B0CF4916CD9DD6001F74AE /* GameResult.m */,
				C5CB5ACB16CD1ECD004E4E7B /* GameResultsViewController.h */,
				C5CB5ACC16CD1ECD004E4E7B /* GameResultsViewController.m */,
				C5F1263416CC2C8A00E3454A /* SetGameViewController.h */,
				C5F1263516CC2C8A00E3454A /* SetGameViewController.m */,
				C5F1539316BAA37400117B23 /* Model */,
				C5F1538816BA922000117B23 /* CardGameViewController.h */,
				C5F1538916BA922000117B23 /* CardGameViewController.m */,
				C5F1537416BA922000117B23 /* Supporting Files */,
			);
			path = Matchismo;
			sourceTree = "<group>";
		};
		C5F1537416BA922000117B23 /* Supporting Files */ = {
			isa = PBXGroup;
			children = (
				C5F1263016CC2BE000E3454A /* 05-plus.png */,
				C5F1263116CC2BE000E3454A /* 05-plus@2x.png */,
				C5F1262C16CC2AE300E3454A /* 29-crown.png */,
				C5F1262D16CC2AE300E3454A /* 29-crown@2x.png */,
				C5F1262816CC2AB100E3454A /* 18-puzzle.png */,
				C5F1262916CC2AB100E3454A /* 18-puzzle@2x.png */,
				C546ACDE16BDD22500700366 /* texture.png */,
				C546ACD716BD9AF500700366 /* GearSurfer.png */,
				C5F1537C16BA922000117B23 /* CardGameAppDelegate.h */,
				C5F1537D16BA922000117B23 /* CardGameAppDelegate.m */,
				C5F1537516BA922000117B23 /* Matchismo-Info.plist */,
				C5F1537616BA922000117B23 /* InfoPlist.strings */,
				C5F1537916BA922000117B23 /* main.m */,
				C5F1537B16BA922000117B23 /* Matchismo-Prefix.pch */,
				C5F1537F16BA922000117B23 /* Default.png */,
				C5F1538116BA922000117B23 /* Default@2x.png */,
				C5F1538316BA922000117B23 /* Default-568h@2x.png */,
			);
			name = "Supporting Files";
			sourceTree = "<group>";
		};
		C5F1539316BAA37400117B23 /* Model */ = {
			isa = PBXGroup;
			children = (
				C54095E216CE71CC00CC6186 /* SetCardMatchingGame.h */,
				C54095E316CE71CC00CC6186 /* SetCardMatchingGame.m */,
				C531064B16BC2C6200635BA0 /* CardMatchingGame.h */,
				C531064C16BC2C6200635BA0 /* CardMatchingGame.m */,
				C54095DF16CE5F4100CC6186 /* SetCardDeck.h */,
				C54095E016CE5F4100CC6186 /* SetCardDeck.m */,
				C5F1263716CC2CAB00E3454A /* SetCard.h */,
				C5F1263816CC2CAB00E3454A /* SetCard.m */,
				C5F1539416BAA43C00117B23 /* Deck.h */,
				C5F1539516BAA43C00117B23 /* Deck.m */,
				C5F1539716BAA47D00117B23 /* PlayingCard.h */,
				C5F1539816BAA47D00117B23 /* PlayingCard.m */,
				C5F1539A16BAA4C100117B23 /* PlayingCardDeck.h */,
				C5F1539B16BAA4C100117B23 /* PlayingCardDeck.m */,
				C5F1539016BAA36100117B23 /* Card.h */,
				C5F1539116BAA36100117B23 /* Card.m */,
			);
			name = Model;
			sourceTree = "<group>";
		};
/* End PBXGroup section */

/* Begin PBXNativeTarget section */
		C54095CD16CE4F2200CC6186 /* Matchismo_Test_iOS */ = {
			isa = PBXNativeTarget;
			buildConfigurationList = C54095DC16CE4F2200CC6186 /* Build configuration list for PBXNativeTarget "Matchismo_Test_iOS" */;
			buildPhases = (
				C54095C916CE4F2200CC6186 /* Sources */,
				C54095CA16CE4F2200CC6186 /* Frameworks */,
				C54095CB16CE4F2200CC6186 /* Resources */,
				C54095CC16CE4F2200CC6186 /* ShellScript */,
			);
			buildRules = (
			);
			dependencies = (
			);
			name = Matchismo_Test_iOS;
			productName = Matchismo_Test_iOS;
			productReference = C54095CE16CE4F2200CC6186 /* Matchismo_Test_iOS.octest */;
			productType = "com.apple.product-type.bundle";
		};
		C5F1536816BA922000117B23 /* Matchismo */ = {
			isa = PBXNativeTarget;
			buildConfigurationList = C5F1538D16BA922000117B23 /* Build configuration list for PBXNativeTarget "Matchismo" */;
			buildPhases = (
				C5F1536516BA922000117B23 /* Sources */,
				C5F1536616BA922000117B23 /* Frameworks */,
				C5F1536716BA922000117B23 /* Resources */,
			);
			buildRules = (
			);
			dependencies = (
			);
			name = Matchismo;
			productName = Matchismo;
			productReference = C5F1536916BA922000117B23 /* Matchismo.app */;
			productType = "com.apple.product-type.application";
		};
/* End PBXNativeTarget section */

/* Begin PBXProject section */
		C5F1536016BA922000117B23 /* Project object */ = {
			isa = PBXProject;
			attributes = {
				CLASSPREFIX = CardGame;
				LastUpgradeCheck = 0450;
				ORGANIZATIONNAME = "William Lyon";
			};
			buildConfigurationList = C5F1536316BA922000117B23 /* Build configuration list for PBXProject "Matchismo" */;
			compatibilityVersion = "Xcode 3.2";
			developmentRegion = English;
			hasScannedForEncodings = 0;
			knownRegions = (
				en,
			);
			mainGroup = C5F1535E16BA922000117B23;
			productRefGroup = C5F1536A16BA922000117B23 /* Products */;
			projectDirPath = "";
			projectRoot = "";
			targets = (
				C5F1536816BA922000117B23 /* Matchismo */,
				C54095CD16CE4F2200CC6186 /* Matchismo_Test_iOS */,
			);
		};
/* End PBXProject section */

/* Begin PBXResourcesBuildPhase section */
		C54095CB16CE4F2200CC6186 /* Resources */ = {
			isa = PBXResourcesBuildPhase;
			buildActionMask = 2147483647;
			files = (
				C54095D716CE4F2200CC6186 /* InfoPlist.strings in Resources */,
			);
			runOnlyForDeploymentPostprocessing = 0;
		};
		C5F1536716BA922000117B23 /* Resources */ = {
			isa = PBXResourcesBuildPhase;
			buildActionMask = 2147483647;
			files = (
				C5F1537816BA922000117B23 /* InfoPlist.strings in Resources */,
				C5F1538016BA922000117B23 /* Default.png in Resources */,
				C5F1538216BA922000117B23 /* Default@2x.png in Resources */,
				C5F1538416BA922000117B23 /* Default-568h@2x.png in Resources */,
				C5F1538716BA922000117B23 /* MainStoryboard.storyboard in Resources */,
				C546ACD816BD9AF500700366 /* GearSurfer.png in Resources */,
				C546ACDF16BDD22500700366 /* texture.png in Resources */,
				C5F1262A16CC2AB100E3454A /* 18-puzzle.png in Resources */,
				C5F1262B16CC2AB100E3454A /* 18-puzzle@2x.png in Resources */,
				C5F1262E16CC2AE300E3454A /* 29-crown.png in Resources */,
				C5F1262F16CC2AE300E3454A /* 29-crown@2x.png in Resources */,
				C5F1263216CC2BE000E3454A /* 05-plus.png in Resources */,
				C5F1263316CC2BE000E3454A /* 05-plus@2x.png in Resources */,
			);
			runOnlyForDeploymentPostprocessing = 0;
		};
/* End PBXResourcesBuildPhase section */

/* Begin PBXShellScriptBuildPhase section */
		C54095CC16CE4F2200CC6186 /* ShellScript */ = {
			isa = PBXShellScriptBuildPhase;
			buildActionMask = 2147483647;
			files = (
			);
			inputPaths = (
			);
			outputPaths = (
			);
			runOnlyForDeploymentPostprocessing = 0;
			shellPath = /bin/sh;
			shellScript = "# Run the unit tests in this test bundle.\n\"${SYSTEM_DEVELOPER_DIR}/Tools/RunUnitTests\"\n";
		};
/* End PBXShellScriptBuildPhase section */

/* Begin PBXSourcesBuildPhase section */
		C54095C916CE4F2200CC6186 /* Sources */ = {
			isa = PBXSourcesBuildPhase;
			buildActionMask = 2147483647;
			files = (
				C54095DA16CE4F2200CC6186 /* Matchismo_Test_iOS.m in Sources */,
				C518CACA16CFD95C007DBD2E /* SetCard.m in Sources */,
				C518CACB16CFD97E007DBD2E /* SetCardDeck.m in Sources */,
				C518CACC16CFD983007DBD2E /* SetCardMatchingGame.m in Sources */,
			);
			runOnlyForDeploymentPostprocessing = 0;
		};
		C5F1536516BA922000117B23 /* Sources */ = {
			isa = PBXSourcesBuildPhase;
			buildActionMask = 2147483647;
			files = (
				C5F1537A16BA922000117B23 /* main.m in Sources */,
				C5F1537E16BA922000117B23 /* CardGameAppDelegate.m in Sources */,
				C5F1538A16BA922000117B23 /* CardGameViewController.m in Sources */,
				C5F1539216BAA36100117B23 /* Card.m in Sources */,
				C5F1539616BAA43C00117B23 /* Deck.m in Sources */,
				C5F1539916BAA47D00117B23 /* PlayingCard.m in Sources */,
				C5F1539C16BAA4C100117B23 /* PlayingCardDeck.m in Sources */,
				C531064D16BC2C6200635BA0 /* CardMatchingGame.m in Sources */,
				C5F1263616CC2C8A00E3454A /* SetGameViewController.m in Sources */,
				C5F1263916CC2CAB00E3454A /* SetCard.m in Sources */,
				C5CB5ACD16CD1ECD004E4E7B /* GameResultsViewController.m in Sources */,
				C5B0CF4A16CD9DD6001F74AE /* GameResult.m in Sources */,
				C54095E116CE5F4100CC6186 /* SetCardDeck.m in Sources */,
				C54095E416CE71CC00CC6186 /* SetCardMatchingGame.m in Sources */,
			);
			runOnlyForDeploymentPostprocessing = 0;
		};
/* End PBXSourcesBuildPhase section */

/* Begin PBXVariantGroup section */
		C54095D516CE4F2200CC6186 /* InfoPlist.strings */ = {
			isa = PBXVariantGroup;
			children = (
				C54095D616CE4F2200CC6186 /* en */,
			);
			name = InfoPlist.strings;
			sourceTree = "<group>";
		};
		C5F1537616BA922000117B23 /* InfoPlist.strings */ = {
			isa = PBXVariantGroup;
			children = (
				C5F1537716BA922000117B23 /* en */,
			);
			name = InfoPlist.strings;
			sourceTree = "<group>";
		};
		C5F1538516BA922000117B23 /* MainStoryboard.storyboard */ = {
			isa = PBXVariantGroup;
			children = (
				C5F1538616BA922000117B23 /* en */,
			);
			name = MainStoryboard.storyboard;
			sourceTree = "<group>";
		};
/* End PBXVariantGroup section */

/* Begin XCBuildConfiguration section */
		C54095DD16CE4F2200CC6186 /* Debug */ = {
			isa = XCBuildConfiguration;
			buildSettings = {
				CLANG_WARN_CONSTANT_CONVERSION = YES;
				CLANG_WARN_ENUM_CONVERSION = YES;
				CLANG_WARN_INT_CONVERSION = YES;
				FRAMEWORK_SEARCH_PATHS = (
					"\"$(SDKROOT)/Developer/Library/Frameworks\"",
					"\"$(DEVELOPER_LIBRARY_DIR)/Frameworks\"",
				);
				GCC_PRECOMPILE_PREFIX_HEADER = YES;
				GCC_PREFIX_HEADER = "Matchismo_Test_iOS/Matchismo_Test_iOS-Prefix.pch";
				INFOPLIST_FILE = "Matchismo_Test_iOS/Matchismo_Test_iOS-Info.plist";
				IPHONEOS_DEPLOYMENT_TARGET = 6.1;
				PRODUCT_NAME = "$(TARGET_NAME)";
				WRAPPER_EXTENSION = octest;
			};
			name = Debug;
		};
		C54095DE16CE4F2200CC6186 /* Release */ = {
			isa = XCBuildConfiguration;
			buildSettings = {
				CLANG_WARN_CONSTANT_CONVERSION = YES;
				CLANG_WARN_ENUM_CONVERSION = YES;
				CLANG_WARN_INT_CONVERSION = YES;
				FRAMEWORK_SEARCH_PATHS = (
					"\"$(SDKROOT)/Developer/Library/Frameworks\"",
					"\"$(DEVELOPER_LIBRARY_DIR)/Frameworks\"",
				);
				GCC_PRECOMPILE_PREFIX_HEADER = YES;
				GCC_PREFIX_HEADER = "Matchismo_Test_iOS/Matchismo_Test_iOS-Prefix.pch";
				INFOPLIST_FILE = "Matchismo_Test_iOS/Matchismo_Test_iOS-Info.plist";
				IPHONEOS_DEPLOYMENT_TARGET = 6.1;
				PRODUCT_NAME = "$(TARGET_NAME)";
				WRAPPER_EXTENSION = octest;
			};
			name = Release;
		};
		C5F1538B16BA922000117B23 /* Debug */ = {
			isa = XCBuildConfiguration;
			buildSettings = {
				ALWAYS_SEARCH_USER_PATHS = NO;
				CLANG_CXX_LANGUAGE_STANDARD = "gnu++0x";
				CLANG_CXX_LIBRARY = "libc++";
				CLANG_ENABLE_OBJC_ARC = YES;
				CLANG_WARN_EMPTY_BODY = YES;
				CLANG_WARN__DUPLICATE_METHOD_MATCH = YES;
				"CODE_SIGN_IDENTITY[sdk=iphoneos*]" = "iPhone Developer";
				COPY_PHASE_STRIP = NO;
				GCC_C_LANGUAGE_STANDARD = gnu99;
				GCC_DYNAMIC_NO_PIC = NO;
				GCC_OPTIMIZATION_LEVEL = 0;
				GCC_PREPROCESSOR_DEFINITIONS = (
					"DEBUG=1",
					"$(inherited)",
				);
				GCC_SYMBOLS_PRIVATE_EXTERN = NO;
				GCC_WARN_ABOUT_RETURN_TYPE = YES;
				GCC_WARN_UNINITIALIZED_AUTOS = YES;
				GCC_WARN_UNUSED_VARIABLE = YES;
				IPHONEOS_DEPLOYMENT_TARGET = 6.0;
				ONLY_ACTIVE_ARCH = YES;
				SDKROOT = iphoneos;
			};
			name = Debug;
		};
		C5F1538C16BA922000117B23 /* Release */ = {
			isa = XCBuildConfiguration;
			buildSettings = {
				ALWAYS_SEARCH_USER_PATHS = NO;
				CLANG_CXX_LANGUAGE_STANDARD = "gnu++0x";
				CLANG_CXX_LIBRARY = "libc++";
				CLANG_ENABLE_OBJC_ARC = YES;
				CLANG_WARN_EMPTY_BODY = YES;
				CLANG_WARN__DUPLICATE_METHOD_MATCH = YES;
				"CODE_SIGN_IDENTITY[sdk=iphoneos*]" = "iPhone Developer";
				COPY_PHASE_STRIP = YES;
				GCC_C_LANGUAGE_STANDARD = gnu99;
				GCC_WARN_ABOUT_RETURN_TYPE = YES;
				GCC_WARN_UNINITIALIZED_AUTOS = YES;
				GCC_WARN_UNUSED_VARIABLE = YES;
				IPHONEOS_DEPLOYMENT_TARGET = 6.0;
				OTHER_CFLAGS = "-DNS_BLOCK_ASSERTIONS=1";
				SDKROOT = iphoneos;
				VALIDATE_PRODUCT = YES;
			};
			name = Release;
		};
		C5F1538E16BA922000117B23 /* Debug */ = {
			isa = XCBuildConfiguration;
			buildSettings = {
				GCC_PRECOMPILE_PREFIX_HEADER = YES;
				GCC_PREFIX_HEADER = "Matchismo/Matchismo-Prefix.pch";
				INFOPLIST_FILE = "Matchismo/Matchismo-Info.plist";
				PRODUCT_NAME = "$(TARGET_NAME)";
				WRAPPER_EXTENSION = app;
			};
			name = Debug;
		};
		C5F1538F16BA922000117B23 /* Release */ = {
			isa = XCBuildConfiguration;
			buildSettings = {
				GCC_PRECOMPILE_PREFIX_HEADER = YES;
				GCC_PREFIX_HEADER = "Matchismo/Matchismo-Prefix.pch";
				INFOPLIST_FILE = "Matchismo/Matchismo-Info.plist";
				PRODUCT_NAME = "$(TARGET_NAME)";
				WRAPPER_EXTENSION = app;
			};
			name = Release;
		};
/* End XCBuildConfiguration section */

/* Begin XCConfigurationList section */
		C54095DC16CE4F2200CC6186 /* Build configuration list for PBXNativeTarget "Matchismo_Test_iOS" */ = {
			isa = XCConfigurationList;
			buildConfigurations = (
				C54095DD16CE4F2200CC6186 /* Debug */,
				C54095DE16CE4F2200CC6186 /* Release */,
			);
			defaultConfigurationIsVisible = 0;
			defaultConfigurationName = Release;
		};
		C5F1536316BA922000117B23 /* Build configuration list for PBXProject "Matchismo" */ = {
			isa = XCConfigurationList;
			buildConfigurations = (
				C5F1538B16BA922000117B23 /* Debug */,
				C5F1538C16BA922000117B23 /* Release */,
			);
			defaultConfigurationIsVisible = 0;
			defaultConfigurationName = Release;
		};
		C5F1538D16BA922000117B23 /* Build configuration list for PBXNativeTarget "Matchismo" */ = {
			isa = XCConfigurationList;
			buildConfigurations = (
				C5F1538E16BA922000117B23 /* Debug */,
				C5F1538F16BA922000117B23 /* Release */,
			);
			defaultConfigurationIsVisible = 0;
			defaultConfigurationName = Release;
		};
/* End XCConfigurationList section */
	};
	rootObject = C5F1536016BA922000117B23 /* Project object */;
}
